// !$*UTF8*$!
{
	archiveVersion = 1;
	classes = {
	};
	objectVersion = 77;
	objects = {

/* Begin PBXBuildFile section */
		6B870AC12CE78DCF00256158 /* AlcoholHabits.xcdatamodeld in Sources */ = {isa = PBXBuildFile; fileRef = 6B870AB52CE78DCF00256158 /* AlcoholHabits.xcdatamodeld */; };
		6B870AC22CE78DCF00256158 /* AppDelegate.swift in Sources */ = {isa = PBXBuildFile; fileRef = 6B870AB62CE78DCF00256158 /* AppDelegate.swift */; };
		6B870AC32CE78DCF00256158 /* SceneDelegate.swift in Sources */ = {isa = PBXBuildFile; fileRef = 6B870ABD2CE78DCF00256158 /* SceneDelegate.swift */; };
		6B870AC52CE78DCF00256158 /* Assets.xcassets in Resources */ = {isa = PBXBuildFile; fileRef = 6B870AB72CE78DCF00256158 /* Assets.xcassets */; };
		6B870AC72CE78DCF00256158 /* LaunchScreen.storyboard in Resources */ = {isa = PBXBuildFile; fileRef = 6B870ABA2CE78DCF00256158 /* LaunchScreen.storyboard */; };
		6B870AC82CE78DCF00256158 /* Root.storyboard in Resources */ = {isa = PBXBuildFile; fileRef = 6B870ABC2CE78DCF00256158 /* Root.storyboard */; };
		6B870ACD2CE792E900256158 /* RootViewController.swift in Sources */ = {isa = PBXBuildFile; fileRef = 6B870ACC2CE792E900256158 /* RootViewController.swift */; };
		6B870AD12CE7937C00256158 /* ZenKakuGothicNew-Regular.ttf in Resources */ = {isa = PBXBuildFile; fileRef = 6B870AD02CE7937C00256158 /* ZenKakuGothicNew-Regular.ttf */; };
		6B870AD32CE7938300256158 /* ZenKakuGothicNew-Medium.ttf in Resources */ = {isa = PBXBuildFile; fileRef = 6B870AD22CE7938300256158 /* ZenKakuGothicNew-Medium.ttf */; };
		6B870AD52CE793AB00256158 /* SFProText-Medium.ttf in Resources */ = {isa = PBXBuildFile; fileRef = 6B870AD42CE793AB00256158 /* SFProText-Medium.ttf */; };
		6B870AD72CE793B200256158 /* SFProText-Semibold.ttf in Resources */ = {isa = PBXBuildFile; fileRef = 6B870AD62CE793B200256158 /* SFProText-Semibold.ttf */; };
		6B870AD92CE793DC00256158 /* Font.swift in Sources */ = {isa = PBXBuildFile; fileRef = 6B870AD82CE793DC00256158 /* Font.swift */; };
		6B870ADE2CE7973200256158 /* OnBoardingViewController.swift in Sources */ = {isa = PBXBuildFile; fileRef = 6B870ADC2CE7973200256158 /* OnBoardingViewController.swift */; };
		6B870ADF2CE7973200256158 /* OnBoardingViewController.xib in Resources */ = {isa = PBXBuildFile; fileRef = 6B870ADD2CE7973200256158 /* OnBoardingViewController.xib */; };
		6B870AE42CE79CF600256158 /* OnBoardingSecondViewController.swift in Sources */ = {isa = PBXBuildFile; fileRef = 6B870AE22CE79CF600256158 /* OnBoardingSecondViewController.swift */; };
		6B870AE52CE79CF600256158 /* OnBoardingSecondViewController.xib in Resources */ = {isa = PBXBuildFile; fileRef = 6B870AE32CE79CF600256158 /* OnBoardingSecondViewController.xib */; };
		6BB2FBAF2CE7A267009ED37A /* String.swift in Sources */ = {isa = PBXBuildFile; fileRef = 6BB2FBAB2CE7A267009ED37A /* String.swift */; };
		6BB2FBB02CE7A267009ED37A /* UIView.swift in Sources */ = {isa = PBXBuildFile; fileRef = 6BB2FBA62CE7A267009ED37A /* UIView.swift */; };
		6BB2FBB12CE7A267009ED37A /* ViewController.swift in Sources */ = {isa = PBXBuildFile; fileRef = 6BB2FBA72CE7A267009ED37A /* ViewController.swift */; };
		6BB2FBB22CE7A267009ED37A /* ShadowView.swift in Sources */ = {isa = PBXBuildFile; fileRef = 6BB2FBA92CE7A267009ED37A /* ShadowView.swift */; };
		6BB2FBB32CE7A267009ED37A /* BaseTextField.swift in Sources */ = {isa = PBXBuildFile; fileRef = 6BB2FBAC2CE7A267009ED37A /* BaseTextField.swift */; };
		6BB2FBB42CE7A267009ED37A /* Date.swift in Sources */ = {isa = PBXBuildFile; fileRef = 6BB2FBA82CE7A267009ED37A /* Date.swift */; };
		6BB2FBB52CE7A267009ED37A /* BaseButton.swift in Sources */ = {isa = PBXBuildFile; fileRef = 6BB2FBAA2CE7A267009ED37A /* BaseButton.swift */; };
		6BB2FBBD2CE7A63D009ED37A /* EdgeShadowLayer.swift in Sources */ = {isa = PBXBuildFile; fileRef = 6BB2FBBC2CE7A63D009ED37A /* EdgeShadowLayer.swift */; };
		6BB2FBC12CE7A6CC009ED37A /* TabBarViewController.swift in Sources */ = {isa = PBXBuildFile; fileRef = 6BB2FBC02CE7A6CC009ED37A /* TabBarViewController.swift */; };
		6BB2FBC82CE7A741009ED37A /* CalendarViewController.xib in Resources */ = {isa = PBXBuildFile; fileRef = 6BB2FBC72CE7A741009ED37A /* CalendarViewController.xib */; };
		6BB2FBC92CE7A741009ED37A /* CalendarViewController.swift in Sources */ = {isa = PBXBuildFile; fileRef = 6BB2FBC62CE7A741009ED37A /* CalendarViewController.swift */; };
		6BB2FBCD2CE7A754009ED37A /* StatisticsViewController.xib in Resources */ = {isa = PBXBuildFile; fileRef = 6BB2FBCC2CE7A754009ED37A /* StatisticsViewController.xib */; };
		6BB2FBCE2CE7A754009ED37A /* StatisticsViewController.swift in Sources */ = {isa = PBXBuildFile; fileRef = 6BB2FBCB2CE7A754009ED37A /* StatisticsViewController.swift */; };
		6BB2FBD22CE7A764009ED37A /* SettingsViewController.xib in Resources */ = {isa = PBXBuildFile; fileRef = 6BB2FBD12CE7A764009ED37A /* SettingsViewController.xib */; };
		6BB2FBD32CE7A764009ED37A /* SettingsViewController.swift in Sources */ = {isa = PBXBuildFile; fileRef = 6BB2FBD02CE7A764009ED37A /* SettingsViewController.swift */; };
		6BCBA0A62CE7B18D0079EB95 /* SectionButton.swift in Sources */ = {isa = PBXBuildFile; fileRef = 6BCBA0A52CE7B18D0079EB95 /* SectionButton.swift */; };
		AF61E441E685263284CD1BE3 /* Pods_AlcoholHabits.framework in Frameworks */ = {isa = PBXBuildFile; fileRef = D3C8741D193C42766D97CEA6 /* Pods_AlcoholHabits.framework */; };
/* End PBXBuildFile section */

/* Begin PBXFileReference section */
		5A4DBD314BC5CD0D10C50432 /* Pods-AlcoholHabits.release.xcconfig */ = {isa = PBXFileReference; includeInIndex = 1; lastKnownFileType = text.xcconfig; name = "Pods-AlcoholHabits.release.xcconfig"; path = "Target Support Files/Pods-AlcoholHabits/Pods-AlcoholHabits.release.xcconfig"; sourceTree = "<group>"; };
		6B870A9A2CE78DC800256158 /* AlcoholHabits.app */ = {isa = PBXFileReference; explicitFileType = wrapper.application; includeInIndex = 0; path = AlcoholHabits.app; sourceTree = BUILT_PRODUCTS_DIR; };
		6B870AB62CE78DCF00256158 /* AppDelegate.swift */ = {isa = PBXFileReference; lastKnownFileType = sourcecode.swift; path = AppDelegate.swift; sourceTree = "<group>"; };
		6B870AB72CE78DCF00256158 /* Assets.xcassets */ = {isa = PBXFileReference; lastKnownFileType = folder.assetcatalog; path = Assets.xcassets; sourceTree = "<group>"; };
		6B870AB82CE78DCF00256158 /* Info.plist */ = {isa = PBXFileReference; lastKnownFileType = text.plist.xml; path = Info.plist; sourceTree = "<group>"; };
		6B870AB92CE78DCF00256158 /* Base */ = {isa = PBXFileReference; lastKnownFileType = file.storyboard; name = Base; path = Base.lproj/LaunchScreen.storyboard; sourceTree = "<group>"; };
		6B870ABB2CE78DCF00256158 /* Base */ = {isa = PBXFileReference; lastKnownFileType = file.storyboard; name = Base; path = Base.lproj/Root.storyboard; sourceTree = "<group>"; };
		6B870ABD2CE78DCF00256158 /* SceneDelegate.swift */ = {isa = PBXFileReference; lastKnownFileType = sourcecode.swift; path = SceneDelegate.swift; sourceTree = "<group>"; };
		6B870AC02CE78DCF00256158 /* AlcoholHabits.xcdatamodel */ = {isa = PBXFileReference; lastKnownFileType = wrapper.xcdatamodel; path = AlcoholHabits.xcdatamodel; sourceTree = "<group>"; };
		6B870ACC2CE792E900256158 /* RootViewController.swift */ = {isa = PBXFileReference; lastKnownFileType = sourcecode.swift; path = RootViewController.swift; sourceTree = "<group>"; };
		6B870AD02CE7937C00256158 /* ZenKakuGothicNew-Regular.ttf */ = {isa = PBXFileReference; lastKnownFileType = file; path = "ZenKakuGothicNew-Regular.ttf"; sourceTree = "<group>"; };
		6B870AD22CE7938300256158 /* ZenKakuGothicNew-Medium.ttf */ = {isa = PBXFileReference; lastKnownFileType = file; path = "ZenKakuGothicNew-Medium.ttf"; sourceTree = "<group>"; };
		6B870AD42CE793AB00256158 /* SFProText-Medium.ttf */ = {isa = PBXFileReference; lastKnownFileType = file; path = "SFProText-Medium.ttf"; sourceTree = "<group>"; };
		6B870AD62CE793B200256158 /* SFProText-Semibold.ttf */ = {isa = PBXFileReference; lastKnownFileType = file; path = "SFProText-Semibold.ttf"; sourceTree = "<group>"; };
		6B870AD82CE793DC00256158 /* Font.swift */ = {isa = PBXFileReference; lastKnownFileType = sourcecode.swift; path = Font.swift; sourceTree = "<group>"; };
		6B870ADC2CE7973200256158 /* OnBoardingViewController.swift */ = {isa = PBXFileReference; lastKnownFileType = sourcecode.swift; path = OnBoardingViewController.swift; sourceTree = "<group>"; };
		6B870ADD2CE7973200256158 /* OnBoardingViewController.xib */ = {isa = PBXFileReference; lastKnownFileType = file.xib; path = OnBoardingViewController.xib; sourceTree = "<group>"; };
		6B870AE22CE79CF600256158 /* OnBoardingSecondViewController.swift */ = {isa = PBXFileReference; lastKnownFileType = sourcecode.swift; path = OnBoardingSecondViewController.swift; sourceTree = "<group>"; };
		6B870AE32CE79CF600256158 /* OnBoardingSecondViewController.xib */ = {isa = PBXFileReference; lastKnownFileType = file.xib; path = OnBoardingSecondViewController.xib; sourceTree = "<group>"; };
		6BB2FBA62CE7A267009ED37A /* UIView.swift */ = {isa = PBXFileReference; lastKnownFileType = sourcecode.swift; path = UIView.swift; sourceTree = "<group>"; };
		6BB2FBA72CE7A267009ED37A /* ViewController.swift */ = {isa = PBXFileReference; lastKnownFileType = sourcecode.swift; path = ViewController.swift; sourceTree = "<group>"; };
		6BB2FBA82CE7A267009ED37A /* Date.swift */ = {isa = PBXFileReference; lastKnownFileType = sourcecode.swift; path = Date.swift; sourceTree = "<group>"; };
		6BB2FBA92CE7A267009ED37A /* ShadowView.swift */ = {isa = PBXFileReference; lastKnownFileType = sourcecode.swift; path = ShadowView.swift; sourceTree = "<group>"; };
		6BB2FBAA2CE7A267009ED37A /* BaseButton.swift */ = {isa = PBXFileReference; lastKnownFileType = sourcecode.swift; path = BaseButton.swift; sourceTree = "<group>"; };
		6BB2FBAB2CE7A267009ED37A /* String.swift */ = {isa = PBXFileReference; lastKnownFileType = sourcecode.swift; path = String.swift; sourceTree = "<group>"; };
		6BB2FBAC2CE7A267009ED37A /* BaseTextField.swift */ = {isa = PBXFileReference; lastKnownFileType = sourcecode.swift; path = BaseTextField.swift; sourceTree = "<group>"; };
		6BB2FBBC2CE7A63D009ED37A /* EdgeShadowLayer.swift */ = {isa = PBXFileReference; lastKnownFileType = sourcecode.swift; path = EdgeShadowLayer.swift; sourceTree = "<group>"; };
		6BB2FBC02CE7A6CC009ED37A /* TabBarViewController.swift */ = {isa = PBXFileReference; lastKnownFileType = sourcecode.swift; path = TabBarViewController.swift; sourceTree = "<group>"; };
		6BB2FBC62CE7A741009ED37A /* CalendarViewController.swift */ = {isa = PBXFileReference; lastKnownFileType = sourcecode.swift; path = CalendarViewController.swift; sourceTree = "<group>"; };
		6BB2FBC72CE7A741009ED37A /* CalendarViewController.xib */ = {isa = PBXFileReference; lastKnownFileType = file.xib; path = CalendarViewController.xib; sourceTree = "<group>"; };
		6BB2FBCB2CE7A754009ED37A /* StatisticsViewController.swift */ = {isa = PBXFileReference; lastKnownFileType = sourcecode.swift; path = StatisticsViewController.swift; sourceTree = "<group>"; };
		6BB2FBCC2CE7A754009ED37A /* StatisticsViewController.xib */ = {isa = PBXFileReference; lastKnownFileType = file.xib; path = StatisticsViewController.xib; sourceTree = "<group>"; };
		6BB2FBD02CE7A764009ED37A /* SettingsViewController.swift */ = {isa = PBXFileReference; lastKnownFileType = sourcecode.swift; path = SettingsViewController.swift; sourceTree = "<group>"; };
		6BB2FBD12CE7A764009ED37A /* SettingsViewController.xib */ = {isa = PBXFileReference; lastKnownFileType = file.xib; path = SettingsViewController.xib; sourceTree = "<group>"; };
		6BCBA0A52CE7B18D0079EB95 /* SectionButton.swift */ = {isa = PBXFileReference; lastKnownFileType = sourcecode.swift; path = SectionButton.swift; sourceTree = "<group>"; };
		D3C8741D193C42766D97CEA6 /* Pods_AlcoholHabits.framework */ = {isa = PBXFileReference; explicitFileType = wrapper.framework; includeInIndex = 0; path = Pods_AlcoholHabits.framework; sourceTree = BUILT_PRODUCTS_DIR; };
		F49DA961D682168A2A07F3A1 /* Pods-AlcoholHabits.debug.xcconfig */ = {isa = PBXFileReference; includeInIndex = 1; lastKnownFileType = text.xcconfig; name = "Pods-AlcoholHabits.debug.xcconfig"; path = "Target Support Files/Pods-AlcoholHabits/Pods-AlcoholHabits.debug.xcconfig"; sourceTree = "<group>"; };
/* End PBXFileReference section */

/* Begin PBXFrameworksBuildPhase section */
		6B870A972CE78DC800256158 /* Frameworks */ = {
			isa = PBXFrameworksBuildPhase;
			buildActionMask = 2147483647;
			files = (
				AF61E441E685263284CD1BE3 /* Pods_AlcoholHabits.framework in Frameworks */,
			);
			runOnlyForDeploymentPostprocessing = 0;
		};
/* End PBXFrameworksBuildPhase section */

/* Begin PBXGroup section */
		28C4DD9B0D64E3C9DB8C33FB /* Frameworks */ = {
			isa = PBXGroup;
			children = (
				D3C8741D193C42766D97CEA6 /* Pods_AlcoholHabits.framework */,
			);
			name = Frameworks;
			sourceTree = "<group>";
		};
		6B870A912CE78DC800256158 = {
			isa = PBXGroup;
			children = (
				6B870ABF2CE78DCF00256158 /* AlcoholHabits */,
				6B870A9B2CE78DC800256158 /* Products */,
				DC938CF71180E8C3B506743E /* Pods */,
				28C4DD9B0D64E3C9DB8C33FB /* Frameworks */,
			);
			sourceTree = "<group>";
		};
		6B870A9B2CE78DC800256158 /* Products */ = {
			isa = PBXGroup;
			children = (
				6B870A9A2CE78DC800256158 /* AlcoholHabits.app */,
			);
			name = Products;
			sourceTree = "<group>";
		};
		6B870ABF2CE78DCF00256158 /* AlcoholHabits */ = {
			isa = PBXGroup;
			children = (
				6BB2FBC42CE7A71F009ED37A /* Settings */,
				6BB2FBC32CE7A713009ED37A /* Statistics */,
				6BB2FBC22CE7A707009ED37A /* Calendar */,
				6BB2FBBB2CE7A5A7009ED37A /* TabBar */,
				6B870ADA2CE7970400256158 /* OnBoarding */,
				6B870AC92CE792AE00256158 /* Root */,
				6B870ACE2CE7933600256158 /* Extensions */,
				6B870AB52CE78DCF00256158 /* AlcoholHabits.xcdatamodeld */,
				6B870AB62CE78DCF00256158 /* AppDelegate.swift */,
				6B870AB72CE78DCF00256158 /* Assets.xcassets */,
				6B870AB82CE78DCF00256158 /* Info.plist */,
				6B870ABA2CE78DCF00256158 /* LaunchScreen.storyboard */,
				6B870ABD2CE78DCF00256158 /* SceneDelegate.swift */,
			);
			path = AlcoholHabits;
			sourceTree = "<group>";
		};
		6B870AC92CE792AE00256158 /* Root */ = {
			isa = PBXGroup;
			children = (
				6B870ACC2CE792E900256158 /* RootViewController.swift */,
				6B870ABC2CE78DCF00256158 /* Root.storyboard */,
			);
			path = Root;
			sourceTree = "<group>";
		};
		6B870ACE2CE7933600256158 /* Extensions */ = {
			isa = PBXGroup;
			children = (
				6BB2FBBC2CE7A63D009ED37A /* EdgeShadowLayer.swift */,
				6BB2FBA62CE7A267009ED37A /* UIView.swift */,
				6BB2FBA72CE7A267009ED37A /* ViewController.swift */,
				6BB2FBA82CE7A267009ED37A /* Date.swift */,
				6BB2FBA92CE7A267009ED37A /* ShadowView.swift */,
				6BB2FBAA2CE7A267009ED37A /* BaseButton.swift */,
				6BB2FBAB2CE7A267009ED37A /* String.swift */,
				6BB2FBAC2CE7A267009ED37A /* BaseTextField.swift */,
				6BCBA0A52CE7B18D0079EB95 /* SectionButton.swift */,
				6B870ACF2CE7934500256158 /* Font */,
			);
			path = Extensions;
			sourceTree = "<group>";
		};
		6B870ACF2CE7934500256158 /* Font */ = {
			isa = PBXGroup;
			children = (
				6B870AD62CE793B200256158 /* SFProText-Semibold.ttf */,
				6B870AD42CE793AB00256158 /* SFProText-Medium.ttf */,
				6B870AD22CE7938300256158 /* ZenKakuGothicNew-Medium.ttf */,
				6B870AD02CE7937C00256158 /* ZenKakuGothicNew-Regular.ttf */,
				6B870AD82CE793DC00256158 /* Font.swift */,
			);
			path = Font;
			sourceTree = "<group>";
		};
		6B870ADA2CE7970400256158 /* OnBoarding */ = {
			isa = PBXGroup;
			children = (
				6B870AE12CE79CE600256158 /* Second */,
				6B870ADB2CE7972200256158 /* First */,
			);
			path = OnBoarding;
			sourceTree = "<group>";
		};
		6B870ADB2CE7972200256158 /* First */ = {
			isa = PBXGroup;
			children = (
				6B870ADC2CE7973200256158 /* OnBoardingViewController.swift */,
				6B870ADD2CE7973200256158 /* OnBoardingViewController.xib */,
			);
			path = First;
			sourceTree = "<group>";
		};
		6B870AE12CE79CE600256158 /* Second */ = {
			isa = PBXGroup;
			children = (
				6B870AE22CE79CF600256158 /* OnBoardingSecondViewController.swift */,
				6B870AE32CE79CF600256158 /* OnBoardingSecondViewController.xib */,
			);
			path = Second;
			sourceTree = "<group>";
		};
		6BB2FBBB2CE7A5A7009ED37A /* TabBar */ = {
			isa = PBXGroup;
			children = (
				6BB2FBC02CE7A6CC009ED37A /* TabBarViewController.swift */,
			);
			path = TabBar;
			sourceTree = "<group>";
		};
		6BB2FBC22CE7A707009ED37A /* Calendar */ = {
			isa = PBXGroup;
			children = (
				6BB2FBC52CE7A727009ED37A /* View */,
			);
			path = Calendar;
			sourceTree = "<group>";
		};
		6BB2FBC32CE7A713009ED37A /* Statistics */ = {
			isa = PBXGroup;
			children = (
				6BB2FBCA2CE7A745009ED37A /* View */,
			);
			path = Statistics;
			sourceTree = "<group>";
		};
		6BB2FBC42CE7A71F009ED37A /* Settings */ = {
			isa = PBXGroup;
			children = (
				6BB2FBCF2CE7A758009ED37A /* View */,
			);
			path = Settings;
			sourceTree = "<group>";
		};
		6BB2FBC52CE7A727009ED37A /* View */ = {
			isa = PBXGroup;
			children = (
				6BB2FBC62CE7A741009ED37A /* CalendarViewController.swift */,
				6BB2FBC72CE7A741009ED37A /* CalendarViewController.xib */,
			);
			path = View;
			sourceTree = "<group>";
		};
		6BB2FBCA2CE7A745009ED37A /* View */ = {
			isa = PBXGroup;
			children = (
				6BB2FBCB2CE7A754009ED37A /* StatisticsViewController.swift */,
				6BB2FBCC2CE7A754009ED37A /* StatisticsViewController.xib */,
			);
			path = View;
			sourceTree = "<group>";
		};
		6BB2FBCF2CE7A758009ED37A /* View */ = {
			isa = PBXGroup;
			children = (
				6BB2FBD02CE7A764009ED37A /* SettingsViewController.swift */,
				6BB2FBD12CE7A764009ED37A /* SettingsViewController.xib */,
			);
			path = View;
			sourceTree = "<group>";
		};
		DC938CF71180E8C3B506743E /* Pods */ = {
			isa = PBXGroup;
			children = (
				F49DA961D682168A2A07F3A1 /* Pods-AlcoholHabits.debug.xcconfig */,
				5A4DBD314BC5CD0D10C50432 /* Pods-AlcoholHabits.release.xcconfig */,
			);
			path = Pods;
			sourceTree = "<group>";
		};
/* End PBXGroup section */

/* Begin PBXNativeTarget section */
		6B870A992CE78DC800256158 /* AlcoholHabits */ = {
			isa = PBXNativeTarget;
			buildConfigurationList = 6B870AB02CE78DCA00256158 /* Build configuration list for PBXNativeTarget "AlcoholHabits" */;
			buildPhases = (
				08E39BA3084FD7F83C6299F1 /* [CP] Check Pods Manifest.lock */,
				6B870A962CE78DC800256158 /* Sources */,
				6B870A972CE78DC800256158 /* Frameworks */,
				6B870A982CE78DC800256158 /* Resources */,
				EF15694F2CA57E8F2D788913 /* [CP] Embed Pods Frameworks */,
			);
			buildRules = (
			);
			dependencies = (
			);
			name = AlcoholHabits;
			productName = AlcoholHabits;
			productReference = 6B870A9A2CE78DC800256158 /* AlcoholHabits.app */;
			productType = "com.apple.product-type.application";
		};
/* End PBXNativeTarget section */

/* Begin PBXProject section */
		6B870A922CE78DC800256158 /* Project object */ = {
			isa = PBXProject;
			attributes = {
				BuildIndependentTargetsInParallel = 1;
				LastSwiftUpdateCheck = 1610;
				LastUpgradeCheck = 1610;
				TargetAttributes = {
					6B870A992CE78DC800256158 = {
						CreatedOnToolsVersion = 16.1;
					};
				};
			};
			buildConfigurationList = 6B870A952CE78DC800256158 /* Build configuration list for PBXProject "AlcoholHabits" */;
			developmentRegion = en;
			hasScannedForEncodings = 0;
			knownRegions = (
				en,
				Base,
			);
			mainGroup = 6B870A912CE78DC800256158;
			minimizedProjectReferenceProxies = 1;
			preferredProjectObjectVersion = 77;
			productRefGroup = 6B870A9B2CE78DC800256158 /* Products */;
			projectDirPath = "";
			projectRoot = "";
			targets = (
				6B870A992CE78DC800256158 /* AlcoholHabits */,
			);
		};
/* End PBXProject section */

/* Begin PBXResourcesBuildPhase section */
		6B870A982CE78DC800256158 /* Resources */ = {
			isa = PBXResourcesBuildPhase;
			buildActionMask = 2147483647;
			files = (
				6B870AD12CE7937C00256158 /* ZenKakuGothicNew-Regular.ttf in Resources */,
				6B870AE52CE79CF600256158 /* OnBoardingSecondViewController.xib in Resources */,
				6B870AC52CE78DCF00256158 /* Assets.xcassets in Resources */,
				6BB2FBCD2CE7A754009ED37A /* StatisticsViewController.xib in Resources */,
				6B870AC72CE78DCF00256158 /* LaunchScreen.storyboard in Resources */,
				6B870AD52CE793AB00256158 /* SFProText-Medium.ttf in Resources */,
				6B870AD72CE793B200256158 /* SFProText-Semibold.ttf in Resources */,
				6BB2FBD22CE7A764009ED37A /* SettingsViewController.xib in Resources */,
				6BB2FBC82CE7A741009ED37A /* CalendarViewController.xib in Resources */,
				6B870AC82CE78DCF00256158 /* Root.storyboard in Resources */,
				6B870AD32CE7938300256158 /* ZenKakuGothicNew-Medium.ttf in Resources */,
				6B870ADF2CE7973200256158 /* OnBoardingViewController.xib in Resources */,
			);
			runOnlyForDeploymentPostprocessing = 0;
		};
/* End PBXResourcesBuildPhase section */

/* Begin PBXShellScriptBuildPhase section */
		08E39BA3084FD7F83C6299F1 /* [CP] Check Pods Manifest.lock */ = {
			isa = PBXShellScriptBuildPhase;
			buildActionMask = 2147483647;
			files = (
			);
			inputFileListPaths = (
			);
			inputPaths = (
				"${PODS_PODFILE_DIR_PATH}/Podfile.lock",
				"${PODS_ROOT}/Manifest.lock",
			);
			name = "[CP] Check Pods Manifest.lock";
			outputFileListPaths = (
			);
			outputPaths = (
				"$(DERIVED_FILE_DIR)/Pods-AlcoholHabits-checkManifestLockResult.txt",
			);
			runOnlyForDeploymentPostprocessing = 0;
			shellPath = /bin/sh;
			shellScript = "diff \"${PODS_PODFILE_DIR_PATH}/Podfile.lock\" \"${PODS_ROOT}/Manifest.lock\" > /dev/null\nif [ $? != 0 ] ; then\n    # print error to STDERR\n    echo \"error: The sandbox is not in sync with the Podfile.lock. Run 'pod install' or update your CocoaPods installation.\" >&2\n    exit 1\nfi\n# This output is used by Xcode 'outputs' to avoid re-running this script phase.\necho \"SUCCESS\" > \"${SCRIPT_OUTPUT_FILE_0}\"\n";
			showEnvVarsInLog = 0;
		};
		EF15694F2CA57E8F2D788913 /* [CP] Embed Pods Frameworks */ = {
			isa = PBXShellScriptBuildPhase;
			buildActionMask = 2147483647;
			files = (
			);
			inputFileListPaths = (
				"${PODS_ROOT}/Target Support Files/Pods-AlcoholHabits/Pods-AlcoholHabits-frameworks-${CONFIGURATION}-input-files.xcfilelist",
			);
			name = "[CP] Embed Pods Frameworks";
			outputFileListPaths = (
				"${PODS_ROOT}/Target Support Files/Pods-AlcoholHabits/Pods-AlcoholHabits-frameworks-${CONFIGURATION}-output-files.xcfilelist",
			);
			runOnlyForDeploymentPostprocessing = 0;
			shellPath = /bin/sh;
			shellScript = "\"${PODS_ROOT}/Target Support Files/Pods-AlcoholHabits/Pods-AlcoholHabits-frameworks.sh\"\n";
			showEnvVarsInLog = 0;
		};
/* End PBXShellScriptBuildPhase section */

/* Begin PBXSourcesBuildPhase section */
		6B870A962CE78DC800256158 /* Sources */ = {
			isa = PBXSourcesBuildPhase;
			buildActionMask = 2147483647;
			files = (
				6BB2FBC12CE7A6CC009ED37A /* TabBarViewController.swift in Sources */,
				6B870AE42CE79CF600256158 /* OnBoardingSecondViewController.swift in Sources */,
				6BB2FBC92CE7A741009ED37A /* CalendarViewController.swift in Sources */,
				6B870AC12CE78DCF00256158 /* AlcoholHabits.xcdatamodeld in Sources */,
				6B870AC22CE78DCF00256158 /* AppDelegate.swift in Sources */,
				6BB2FBD32CE7A764009ED37A /* SettingsViewController.swift in Sources */,
				6B870AD92CE793DC00256158 /* Font.swift in Sources */,
				6BB2FBBD2CE7A63D009ED37A /* EdgeShadowLayer.swift in Sources */,
				6B870ADE2CE7973200256158 /* OnBoardingViewController.swift in Sources */,
				6B870ACD2CE792E900256158 /* RootViewController.swift in Sources */,
				6B870AC32CE78DCF00256158 /* SceneDelegate.swift in Sources */,
				6BCBA0A62CE7B18D0079EB95 /* SectionButton.swift in Sources */,
				6BB2FBAF2CE7A267009ED37A /* String.swift in Sources */,
				6BB2FBB02CE7A267009ED37A /* UIView.swift in Sources */,
				6BB2FBB12CE7A267009ED37A /* ViewController.swift in Sources */,
				6BB2FBB22CE7A267009ED37A /* ShadowView.swift in Sources */,
				6BB2FBB32CE7A267009ED37A /* BaseTextField.swift in Sources */,
				6BB2FBCE2CE7A754009ED37A /* StatisticsViewController.swift in Sources */,
				6BB2FBB42CE7A267009ED37A /* Date.swift in Sources */,
				6BB2FBB52CE7A267009ED37A /* BaseButton.swift in Sources */,
			);
			runOnlyForDeploymentPostprocessing = 0;
		};
/* End PBXSourcesBuildPhase section */

/* Begin PBXVariantGroup section */
		6B870ABA2CE78DCF00256158 /* LaunchScreen.storyboard */ = {
			isa = PBXVariantGroup;
			children = (
				6B870AB92CE78DCF00256158 /* Base */,
			);
			name = LaunchScreen.storyboard;
			sourceTree = "<group>";
		};
		6B870ABC2CE78DCF00256158 /* Root.storyboard */ = {
			isa = PBXVariantGroup;
			children = (
				6B870ABB2CE78DCF00256158 /* Base */,
			);
			name = Root.storyboard;
			sourceTree = "<group>";
		};
/* End PBXVariantGroup section */

/* Begin XCBuildConfiguration section */
		6B870AB12CE78DCA00256158 /* Debug */ = {
			isa = XCBuildConfiguration;
			baseConfigurationReference = F49DA961D682168A2A07F3A1 /* Pods-AlcoholHabits.debug.xcconfig */;
			buildSettings = {
				ASSETCATALOG_COMPILER_APPICON_NAME = AppIcon;
				ASSETCATALOG_COMPILER_GLOBAL_ACCENT_COLOR_NAME = AccentColor;
				CODE_SIGN_STYLE = Automatic;
				CURRENT_PROJECT_VERSION = 1;
				DEVELOPMENT_TEAM = 9YUSQBCAX9;
				GENERATE_INFOPLIST_FILE = YES;
				INFOPLIST_FILE = AlcoholHabits/Info.plist;
				INFOPLIST_KEY_UIApplicationSupportsIndirectInputEvents = YES;
				INFOPLIST_KEY_UILaunchStoryboardName = LaunchScreen;
				INFOPLIST_KEY_UIMainStoryboardFile = Root;
				INFOPLIST_KEY_UISupportedInterfaceOrientations_iPad = "UIInterfaceOrientationPortrait UIInterfaceOrientationPortraitUpsideDown UIInterfaceOrientationLandscapeLeft UIInterfaceOrientationLandscapeRight";
				INFOPLIST_KEY_UISupportedInterfaceOrientations_iPhone = "UIInterfaceOrientationPortrait UIInterfaceOrientationLandscapeLeft UIInterfaceOrientationLandscapeRight";
				IPHONEOS_DEPLOYMENT_TARGET = 15.0;
				LD_RUNPATH_SEARCH_PATHS = (
					"$(inherited)",
					"@executable_path/Frameworks",
				);
				MARKETING_VERSION = 1.0;
				PRODUCT_BUNDLE_IDENTIFIER = Karen.AlcoholHabits;
				PRODUCT_NAME = "$(TARGET_NAME)";
				SWIFT_EMIT_LOC_STRINGS = YES;
				SWIFT_VERSION = 5.0;
				TARGETED_DEVICE_FAMILY = "1,2";
			};
			name = Debug;
		};
		6B870AB22CE78DCA00256158 /* Release */ = {
			isa = XCBuildConfiguration;
			baseConfigurationReference = 5A4DBD314BC5CD0D10C50432 /* Pods-AlcoholHabits.release.xcconfig */;
			buildSettings = {
				ASSETCATALOG_COMPILER_APPICON_NAME = AppIcon;
				ASSETCATALOG_COMPILER_GLOBAL_ACCENT_COLOR_NAME = AccentColor;
				CODE_SIGN_STYLE = Automatic;
				CURRENT_PROJECT_VERSION = 1;
				DEVELOPMENT_TEAM = 9YUSQBCAX9;
				GENERATE_INFOPLIST_FILE = YES;
				INFOPLIST_FILE = AlcoholHabits/Info.plist;
				INFOPLIST_KEY_UIApplicationSupportsIndirectInputEvents = YES;
				INFOPLIST_KEY_UILaunchStoryboardName = LaunchScreen;
				INFOPLIST_KEY_UIMainStoryboardFile = Root;
				INFOPLIST_KEY_UISupportedInterfaceOrientations_iPad = "UIInterfaceOrientationPortrait UIInterfaceOrientationPortraitUpsideDown UIInterfaceOrientationLandscapeLeft UIInterfaceOrientationLandscapeRight";
				INFOPLIST_KEY_UISupportedInterfaceOrientations_iPhone = "UIInterfaceOrientationPortrait UIInterfaceOrientationLandscapeLeft UIInterfaceOrientationLandscapeRight";
				IPHONEOS_DEPLOYMENT_TARGET = 15.0;
				LD_RUNPATH_SEARCH_PATHS = (
					"$(inherited)",
					"@executable_path/Frameworks",
				);
				MARKETING_VERSION = 1.0;
				PRODUCT_BUNDLE_IDENTIFIER = Karen.AlcoholHabits;
				PRODUCT_NAME = "$(TARGET_NAME)";
				SWIFT_EMIT_LOC_STRINGS = YES;
				SWIFT_VERSION = 5.0;
				TARGETED_DEVICE_FAMILY = "1,2";
			};
			name = Release;
		};
		6B870AB32CE78DCA00256158 /* Debug */ = {
			isa = XCBuildConfiguration;
			buildSettings = {
				ALWAYS_SEARCH_USER_PATHS = NO;
				ASSETCATALOG_COMPILER_GENERATE_SWIFT_ASSET_SYMBOL_EXTENSIONS = YES;
				CLANG_ANALYZER_NONNULL = YES;
				CLANG_ANALYZER_NUMBER_OBJECT_CONVERSION = YES_AGGRESSIVE;
				CLANG_CXX_LANGUAGE_STANDARD = "gnu++20";
				CLANG_ENABLE_MODULES = YES;
				CLANG_ENABLE_OBJC_ARC = YES;
				CLANG_ENABLE_OBJC_WEAK = YES;
				CLANG_WARN_BLOCK_CAPTURE_AUTORELEASING = YES;
				CLANG_WARN_BOOL_CONVERSION = YES;
				CLANG_WARN_COMMA = YES;
				CLANG_WARN_CONSTANT_CONVERSION = YES;
				CLANG_WARN_DEPRECATED_OBJC_IMPLEMENTATIONS = YES;
				CLANG_WARN_DIRECT_OBJC_ISA_USAGE = YES_ERROR;
				CLANG_WARN_DOCUMENTATION_COMMENTS = YES;
				CLANG_WARN_EMPTY_BODY = YES;
				CLANG_WARN_ENUM_CONVERSION = YES;
				CLANG_WARN_INFINITE_RECURSION = YES;
				CLANG_WARN_INT_CONVERSION = YES;
				CLANG_WARN_NON_LITERAL_NULL_CONVERSION = YES;
				CLANG_WARN_OBJC_IMPLICIT_RETAIN_SELF = YES;
				CLANG_WARN_OBJC_LITERAL_CONVERSION = YES;
				CLANG_WARN_OBJC_ROOT_CLASS = YES_ERROR;
				CLANG_WARN_QUOTED_INCLUDE_IN_FRAMEWORK_HEADER = YES;
				CLANG_WARN_RANGE_LOOP_ANALYSIS = YES;
				CLANG_WARN_STRICT_PROTOTYPES = YES;
				CLANG_WARN_SUSPICIOUS_MOVE = YES;
				CLANG_WARN_UNGUARDED_AVAILABILITY = YES_AGGRESSIVE;
				CLANG_WARN_UNREACHABLE_CODE = YES;
				CLANG_WARN__DUPLICATE_METHOD_MATCH = YES;
				COPY_PHASE_STRIP = NO;
				DEBUG_INFORMATION_FORMAT = dwarf;
				ENABLE_STRICT_OBJC_MSGSEND = YES;
				ENABLE_TESTABILITY = YES;
				ENABLE_USER_SCRIPT_SANDBOXING = NO;
				GCC_C_LANGUAGE_STANDARD = gnu17;
				GCC_DYNAMIC_NO_PIC = NO;
				GCC_NO_COMMON_BLOCKS = YES;
				GCC_OPTIMIZATION_LEVEL = 0;
				GCC_PREPROCESSOR_DEFINITIONS = (
					"DEBUG=1",
					"$(inherited)",
				);
				GCC_WARN_64_TO_32_BIT_CONVERSION = YES;
				GCC_WARN_ABOUT_RETURN_TYPE = YES_ERROR;
				GCC_WARN_UNDECLARED_SELECTOR = YES;
				GCC_WARN_UNINITIALIZED_AUTOS = YES_AGGRESSIVE;
				GCC_WARN_UNUSED_FUNCTION = YES;
				GCC_WARN_UNUSED_VARIABLE = YES;
				IPHONEOS_DEPLOYMENT_TARGET = 18.1;
				LOCALIZATION_PREFERS_STRING_CATALOGS = YES;
				MTL_ENABLE_DEBUG_INFO = INCLUDE_SOURCE;
				MTL_FAST_MATH = YES;
				ONLY_ACTIVE_ARCH = YES;
				SDKROOT = iphoneos;
				SWIFT_ACTIVE_COMPILATION_CONDITIONS = "DEBUG $(inherited)";
				SWIFT_OPTIMIZATION_LEVEL = "-Onone";
			};
			name = Debug;
		};
		6B870AB42CE78DCA00256158 /* Release */ = {
			isa = XCBuildConfiguration;
			buildSettings = {
				ALWAYS_SEARCH_USER_PATHS = NO;
				ASSETCATALOG_COMPILER_GENERATE_SWIFT_ASSET_SYMBOL_EXTENSIONS = YES;
				CLANG_ANALYZER_NONNULL = YES;
				CLANG_ANALYZER_NUMBER_OBJECT_CONVERSION = YES_AGGRESSIVE;
				CLANG_CXX_LANGUAGE_STANDARD = "gnu++20";
				CLANG_ENABLE_MODULES = YES;
				CLANG_ENABLE_OBJC_ARC = YES;
				CLANG_ENABLE_OBJC_WEAK = YES;
				CLANG_WARN_BLOCK_CAPTURE_AUTORELEASING = YES;
				CLANG_WARN_BOOL_CONVERSION = YES;
				CLANG_WARN_COMMA = YES;
				CLANG_WARN_CONSTANT_CONVERSION = YES;
				CLANG_WARN_DEPRECATED_OBJC_IMPLEMENTATIONS = YES;
				CLANG_WARN_DIRECT_OBJC_ISA_USAGE = YES_ERROR;
				CLANG_WARN_DOCUMENTATION_COMMENTS = YES;
				CLANG_WARN_EMPTY_BODY = YES;
				CLANG_WARN_ENUM_CONVERSION = YES;
				CLANG_WARN_INFINITE_RECURSION = YES;
				CLANG_WARN_INT_CONVERSION = YES;
				CLANG_WARN_NON_LITERAL_NULL_CONVERSION = YES;
				CLANG_WARN_OBJC_IMPLICIT_RETAIN_SELF = YES;
				CLANG_WARN_OBJC_LITERAL_CONVERSION = YES;
				CLANG_WARN_OBJC_ROOT_CLASS = YES_ERROR;
				CLANG_WARN_QUOTED_INCLUDE_IN_FRAMEWORK_HEADER = YES;
				CLANG_WARN_RANGE_LOOP_ANALYSIS = YES;
				CLANG_WARN_STRICT_PROTOTYPES = YES;
				CLANG_WARN_SUSPICIOUS_MOVE = YES;
				CLANG_WARN_UNGUARDED_AVAILABILITY = YES_AGGRESSIVE;
				CLANG_WARN_UNREACHABLE_CODE = YES;
				CLANG_WARN__DUPLICATE_METHOD_MATCH = YES;
				COPY_PHASE_STRIP = NO;
				DEBUG_INFORMATION_FORMAT = "dwarf-with-dsym";
				ENABLE_NS_ASSERTIONS = NO;
				ENABLE_STRICT_OBJC_MSGSEND = YES;
				ENABLE_USER_SCRIPT_SANDBOXING = NO;
				GCC_C_LANGUAGE_STANDARD = gnu17;
				GCC_NO_COMMON_BLOCKS = YES;
				GCC_WARN_64_TO_32_BIT_CONVERSION = YES;
				GCC_WARN_ABOUT_RETURN_TYPE = YES_ERROR;
				GCC_WARN_UNDECLARED_SELECTOR = YES;
				GCC_WARN_UNINITIALIZED_AUTOS = YES_AGGRESSIVE;
				GCC_WARN_UNUSED_FUNCTION = YES;
				GCC_WARN_UNUSED_VARIABLE = YES;
				IPHONEOS_DEPLOYMENT_TARGET = 18.1;
				LOCALIZATION_PREFERS_STRING_CATALOGS = YES;
				MTL_ENABLE_DEBUG_INFO = NO;
				MTL_FAST_MATH = YES;
				SDKROOT = iphoneos;
				SWIFT_COMPILATION_MODE = wholemodule;
				VALIDATE_PRODUCT = YES;
			};
			name = Release;
		};
/* End XCBuildConfiguration section */

/* Begin XCConfigurationList section */
		6B870A952CE78DC800256158 /* Build configuration list for PBXProject "AlcoholHabits" */ = {
			isa = XCConfigurationList;
			buildConfigurations = (
				6B870AB32CE78DCA00256158 /* Debug */,
				6B870AB42CE78DCA00256158 /* Release */,
			);
			defaultConfigurationIsVisible = 0;
			defaultConfigurationName = Release;
		};
		6B870AB02CE78DCA00256158 /* Build configuration list for PBXNativeTarget "AlcoholHabits" */ = {
			isa = XCConfigurationList;
			buildConfigurations = (
				6B870AB12CE78DCA00256158 /* Debug */,
				6B870AB22CE78DCA00256158 /* Release */,
			);
			defaultConfigurationIsVisible = 0;
			defaultConfigurationName = Release;
		};
/* End XCConfigurationList section */

/* Begin XCVersionGroup section */
		6B870AB52CE78DCF00256158 /* AlcoholHabits.xcdatamodeld */ = {
			isa = XCVersionGroup;
			children = (
				6B870AC02CE78DCF00256158 /* AlcoholHabits.xcdatamodel */,
			);
			currentVersion = 6B870AC02CE78DCF00256158 /* AlcoholHabits.xcdatamodel */;
			path = AlcoholHabits.xcdatamodeld;
			sourceTree = "<group>";
			versionGroupType = wrapper.xcdatamodel;
		};
/* End XCVersionGroup section */
	};
	rootObject = 6B870A922CE78DC800256158 /* Project object */;
}
